
Microsoft Visual Studio Solution File, Format Version 12.00
# Visual Studio 2012
Project("{FAE04EC0-301F-11D3-BF4B-00C04F79EFBC}") = "TripCalculatorSolution", "TripCalculatorSolution\TripCalculatorSolution.csproj", "{2882BAF1-D26F-49B4-921D-70F584636129}"
EndProject
Project("{FAE04EC0-301F-11D3-BF4B-00C04F79EFBC}") = "TripCalculatorTest", "TripCalculatorTest\TripCalculatorTest.csproj", "{07C4FE12-C6DC-4AFF-9352-7D9D0B95D6A3}"
EndProject
Global
	GlobalSection(SolutionConfigurationPlatforms) = preSolution
		Debug|Any CPU = Debug|Any CPU
		Release|Any CPU = Release|Any CPU
	EndGlobalSection
	GlobalSection(ProjectConfigurationPlatforms) = postSolution
		{2882BAF1-D26F-49B4-921D-70F584636129}.Debug|Any CPU.ActiveCfg = Debug|Any CPU
		{2882BAF1-D26F-49B4-921D-70F584636129}.Debug|Any CPU.Build.0 = Debug|Any CPU
		{2882BAF1-D26F-49B4-921D-70F584636129}.Release|Any CPU.ActiveCfg = Release|Any CPU
		{2882BAF1-D26F-49B4-921D-70F584636129}.Release|Any CPU.Build.0 = Release|Any CPU
		{07C4FE12-C6DC-4AFF-9352-7D9D0B95D6A3}.Debug|Any CPU.ActiveCfg = Debug|Any CPU
		{07C4FE12-C6DC-4AFF-9352-7D9D0B95D6A3}.Debug|Any CPU.Build.0 = Debug|Any CPU
		{07C4FE12-C6DC-4AFF-9352-7D9D0B95D6A3}.Release|Any CPU.ActiveCfg = Release|Any CPU
		{07C4FE12-C6DC-4AFF-9352-7D9D0B95D6A3}.Release|Any CPU.Build.0 = Release|Any CPU
	EndGlobalSection
	GlobalSection(SolutionProperties) = preSolution
		HideSolutionNode = FALSE
	EndGlobalSection
EndGlobal
